// !$*UTF8*$!
{
	archiveVersion = 1;
	classes = {
	};
	objectVersion = 55;
	objects = {

/* Begin PBXBuildFile section */
		7A67C78427829057003079CA /* hipjazz.mp3 in Resources */ = {isa = PBXBuildFile; fileRef = 7A67C78327829057003079CA /* hipjazz.mp3 */; };
		7A67C7862782905F003079CA /* jazzyfrenchy.mp3 in Resources */ = {isa = PBXBuildFile; fileRef = 7A67C7852782905F003079CA /* jazzyfrenchy.mp3 */; };
		7A67C7882782D0ED003079CA /* funkysuspense.mp3 in Resources */ = {isa = PBXBuildFile; fileRef = 7A67C7872782D0ED003079CA /* funkysuspense.mp3 */; };
		7A67C78A2782D106003079CA /* sexy.mp3 in Resources */ = {isa = PBXBuildFile; fileRef = 7A67C7892782D106003079CA /* sexy.mp3 */; };
		7A7403FF277D4327002AEC69 /* thelounge.mp3 in Resources */ = {isa = PBXBuildFile; fileRef = 7A7403FE277D4327002AEC69 /* thelounge.mp3 */; };
		7AFB7179277BFB790089E731 /* AppDelegate.swift in Sources */ = {isa = PBXBuildFile; fileRef = 7AFB7178277BFB790089E731 /* AppDelegate.swift */; };
		7AFB717B277BFB790089E731 /* SceneDelegate.swift in Sources */ = {isa = PBXBuildFile; fileRef = 7AFB717A277BFB790089E731 /* SceneDelegate.swift */; };
		7AFB717D277BFB790089E731 /* ViewController.swift in Sources */ = {isa = PBXBuildFile; fileRef = 7AFB717C277BFB790089E731 /* ViewController.swift */; };
		7AFB7180277BFB790089E731 /* Main.storyboard in Resources */ = {isa = PBXBuildFile; fileRef = 7AFB717E277BFB790089E731 /* Main.storyboard */; };
		7AFB7182277BFB7A0089E731 /* Assets.xcassets in Resources */ = {isa = PBXBuildFile; fileRef = 7AFB7181277BFB7A0089E731 /* Assets.xcassets */; };
		7AFB7185277BFB7A0089E731 /* LaunchScreen.storyboard in Resources */ = {isa = PBXBuildFile; fileRef = 7AFB7183277BFB7A0089E731 /* LaunchScreen.storyboard */; };
		7AFB718D277C16C90089E731 /* allthat.mp3 in Resources */ = {isa = PBXBuildFile; fileRef = 7AFB718C277C16C90089E731 /* allthat.mp3 */; };
/* End PBXBuildFile section */

/* Begin PBXFileReference section */
		7A67C78327829057003079CA /* hipjazz.mp3 */ = {isa = PBXFileReference; lastKnownFileType = audio.mp3; path = hipjazz.mp3; sourceTree = "<group>"; };
		7A67C7852782905F003079CA /* jazzyfrenchy.mp3 */ = {isa = PBXFileReference; lastKnownFileType = audio.mp3; path = jazzyfrenchy.mp3; sourceTree = "<group>"; };
		7A67C7872782D0ED003079CA /* funkysuspense.mp3 */ = {isa = PBXFileReference; lastKnownFileType = audio.mp3; path = funkysuspense.mp3; sourceTree = "<group>"; };
		7A67C7892782D106003079CA /* sexy.mp3 */ = {isa = PBXFileReference; lastKnownFileType = audio.mp3; path = sexy.mp3; sourceTree = "<group>"; };
		7A7403FE277D4327002AEC69 /* thelounge.mp3 */ = {isa = PBXFileReference; lastKnownFileType = audio.mp3; path = thelounge.mp3; sourceTree = "<group>"; };
		7AFB7175277BFB790089E731 /* MusicPlayerExercise.app */ = {isa = PBXFileReference; explicitFileType = wrapper.application; includeInIndex = 0; path = MusicPlayerExercise.app; sourceTree = BUILT_PRODUCTS_DIR; };
		7AFB7178277BFB790089E731 /* AppDelegate.swift */ = {isa = PBXFileReference; lastKnownFileType = sourcecode.swift; path = AppDelegate.swift; sourceTree = "<group>"; };
		7AFB717A277BFB790089E731 /* SceneDelegate.swift */ = {isa = PBXFileReference; lastKnownFileType = sourcecode.swift; path = SceneDelegate.swift; sourceTree = "<group>"; };
		7AFB717C277BFB790089E731 /* ViewController.swift */ = {isa = PBXFileReference; lastKnownFileType = sourcecode.swift; path = ViewController.swift; sourceTree = "<group>"; };
		7AFB717F277BFB790089E731 /* Base */ = {isa = PBXFileReference; lastKnownFileType = file.storyboard; name = Base; path = Base.lproj/Main.storyboard; sourceTree = "<group>"; };
		7AFB7181277BFB7A0089E731 /* Assets.xcassets */ = {isa = PBXFileReference; lastKnownFileType = folder.assetcatalog; path = Assets.xcassets; sourceTree = "<group>"; };
		7AFB7184277BFB7A0089E731 /* Base */ = {isa = PBXFileReference; lastKnownFileType = file.storyboard; name = Base; path = Base.lproj/LaunchScreen.storyboard; sourceTree = "<group>"; };
		7AFB7186277BFB7A0089E731 /* Info.plist */ = {isa = PBXFileReference; lastKnownFileType = text.plist.xml; path = Info.plist; sourceTree = "<group>"; };
		7AFB718C277C16C90089E731 /* allthat.mp3 */ = {isa = PBXFileReference; lastKnownFileType = audio.mp3; path = allthat.mp3; sourceTree = "<group>"; };
/* End PBXFileReference section */

/* Begin PBXFrameworksBuildPhase section */
		7AFB7172277BFB790089E731 /* Frameworks */ = {
			isa = PBXFrameworksBuildPhase;
			buildActionMask = 2147483647;
			files = (
			);
			runOnlyForDeploymentPostprocessing = 0;
		};
/* End PBXFrameworksBuildPhase section */

/* Begin PBXGroup section */
		7AFB716C277BFB790089E731 = {
			isa = PBXGroup;
			children = (
				7AFB7177277BFB790089E731 /* MusicPlayerExercise */,
				7AFB7176277BFB790089E731 /* Products */,
			);
			sourceTree = "<group>";
		};
		7AFB7176277BFB790089E731 /* Products */ = {
			isa = PBXGroup;
			children = (
				7AFB7175277BFB790089E731 /* MusicPlayerExercise.app */,
			);
			name = Products;
			sourceTree = "<group>";
		};
		7AFB7177277BFB790089E731 /* MusicPlayerExercise */ = {
			isa = PBXGroup;
			children = (
				7AFB7178277BFB790089E731 /* AppDelegate.swift */,
				7AFB717A277BFB790089E731 /* SceneDelegate.swift */,
				7AFB717C277BFB790089E731 /* ViewController.swift */,
				7AFB717E277BFB790089E731 /* Main.storyboard */,
				7AFB7181277BFB7A0089E731 /* Assets.xcassets */,
				7AFB7183277BFB7A0089E731 /* LaunchScreen.storyboard */,
				7AFB7186277BFB7A0089E731 /* Info.plist */,
				7AFB718C277C16C90089E731 /* allthat.mp3 */,
				7A7403FE277D4327002AEC69 /* thelounge.mp3 */,
				7A67C78327829057003079CA /* hipjazz.mp3 */,
				7A67C7852782905F003079CA /* jazzyfrenchy.mp3 */,
				7A67C7872782D0ED003079CA /* funkysuspense.mp3 */,
				7A67C7892782D106003079CA /* sexy.mp3 */,
			);
			path = MusicPlayerExercise;
			sourceTree = "<group>";
		};
/* End PBXGroup section */

/* Begin PBXNativeTarget section */
		7AFB7174277BFB790089E731 /* MusicPlayerExercise */ = {
			isa = PBXNativeTarget;
			buildConfigurationList = 7AFB7189277BFB7A0089E731 /* Build configuration list for PBXNativeTarget "MusicPlayerExercise" */;
			buildPhases = (
				7AFB7171277BFB790089E731 /* Sources */,
				7AFB7172277BFB790089E731 /* Frameworks */,
				7AFB7173277BFB790089E731 /* Resources */,
			);
			buildRules = (
			);
			dependencies = (
			);
			name = MusicPlayerExercise;
			productName = MusicPlayerExercise;
			productReference = 7AFB7175277BFB790089E731 /* MusicPlayerExercise.app */;
			productType = "com.apple.product-type.application";
		};
/* End PBXNativeTarget section */

/* Begin PBXProject section */
		7AFB716D277BFB790089E731 /* Project object */ = {
			isa = PBXProject;
			attributes = {
				BuildIndependentTargetsInParallel = 1;
				LastSwiftUpdateCheck = 1320;
				LastUpgradeCheck = 1320;
				TargetAttributes = {
					7AFB7174277BFB790089E731 = {
						CreatedOnToolsVersion = 13.2.1;
					};
				};
			};
			buildConfigurationList = 7AFB7170277BFB790089E731 /* Build configuration list for PBXProject "MusicPlayerExercise" */;
			compatibilityVersion = "Xcode 13.0";
			developmentRegion = en;
			hasScannedForEncodings = 0;
			knownRegions = (
				en,
				Base,
			);
			mainGroup = 7AFB716C277BFB790089E731;
			productRefGroup = 7AFB7176277BFB790089E731 /* Products */;
			projectDirPath = "";
			projectRoot = "";
			targets = (
				7AFB7174277BFB790089E731 /* MusicPlayerExercise */,
			);
		};
/* End PBXProject section */

/* Begin PBXResourcesBuildPhase section */
		7AFB7173277BFB790089E731 /* Resources */ = {
			isa = PBXResourcesBuildPhase;
			buildActionMask = 2147483647;
			files = (
				7AFB7185277BFB7A0089E731 /* LaunchScreen.storyboard in Resources */,
				7A67C7862782905F003079CA /* jazzyfrenchy.mp3 in Resources */,
				7A67C78A2782D106003079CA /* sexy.mp3 in Resources */,
				7A67C7882782D0ED003079CA /* funkysuspense.mp3 in Resources */,
				7A67C78427829057003079CA /* hipjazz.mp3 in Resources */,
				7AFB7182277BFB7A0089E731 /* Assets.xcassets in Resources */,
				7AFB7180277BFB790089E731 /* Main.storyboard in Resources */,
				7AFB718D277C16C90089E731 /* allthat.mp3 in Resources */,
				7A7403FF277D4327002AEC69 /* thelounge.mp3 in Resources */,
			);
			runOnlyForDeploymentPostprocessing = 0;
		};
/* End PBXResourcesBuildPhase section */

/* Begin PBXSourcesBuildPhase section */
		7AFB7171277BFB790089E731 /* Sources */ = {
			isa = PBXSourcesBuildPhase;
			buildActionMask = 2147483647;
			files = (
				7AFB717D277BFB790089E731 /* ViewController.swift in Sources */,
				7AFB7179277BFB790089E731 /* AppDelegate.swift in Sources */,
				7AFB717B277BFB790089E731 /* SceneDelegate.swift in Sources */,
			);
			runOnlyForDeploymentPostprocessing = 0;
		};
/* End PBXSourcesBuildPhase section */

/* Begin PBXVariantGroup section */
		7AFB717E277BFB790089E731 /* Main.storyboard */ = {
			isa = PBXVariantGroup;
			children = (
				7AFB717F277BFB790089E731 /* Base */,
			);
			name = Main.storyboard;
			sourceTree = "<group>";
		};
		7AFB7183277BFB7A0089E731 /* LaunchScreen.storyboard */ = {
			isa = PBXVariantGroup;
			children = (
				7AFB7184277BFB7A0089E731 /* Base */,
			);
			name = LaunchScreen.storyboard;
			sourceTree = "<group>";
		};
/* End PBXVariantGroup section */

/* Begin XCBuildConfiguration section */
		7AFB7187277BFB7A0089E731 /* Debug */ = {
			isa = XCBuildConfiguration;
			buildSettings = {
				ALWAYS_SEARCH_USER_PATHS = NO;
				CLANG_ANALYZER_NONNULL = YES;
				CLANG_ANALYZER_NUMBER_OBJECT_CONVERSION = YES_AGGRESSIVE;
				CLANG_CXX_LANGUAGE_STANDARD = "gnu++17";
				CLANG_CXX_LIBRARY = "libc++";
				CLANG_ENABLE_MODULES = YES;
				CLANG_ENABLE_OBJC_ARC = YES;
				CLANG_ENABLE_OBJC_WEAK = YES;
				CLANG_WARN_BLOCK_CAPTURE_AUTORELEASING = YES;
				CLANG_WARN_BOOL_CONVERSION = YES;
				CLANG_WARN_COMMA = YES;
				CLANG_WARN_CONSTANT_CONVERSION = YES;
				CLANG_WARN_DEPRECATED_OBJC_IMPLEMENTATIONS = YES;
				CLANG_WARN_DIRECT_OBJC_ISA_USAGE = YES_ERROR;
				CLANG_WARN_DOCUMENTATION_COMMENTS = YES;
				CLANG_WARN_EMPTY_BODY = YES;
				CLANG_WARN_ENUM_CONVERSION = YES;
				CLANG_WARN_INFINITE_RECURSION = YES;
				CLANG_WARN_INT_CONVERSION = YES;
				CLANG_WARN_NON_LITERAL_NULL_CONVERSION = YES;
				CLANG_WARN_OBJC_IMPLICIT_RETAIN_SELF = YES;
				CLANG_WARN_OBJC_LITERAL_CONVERSION = YES;
				CLANG_WARN_OBJC_ROOT_CLASS = YES_ERROR;
				CLANG_WARN_QUOTED_INCLUDE_IN_FRAMEWORK_HEADER = YES;
				CLANG_WARN_RANGE_LOOP_ANALYSIS = YES;
				CLANG_WARN_STRICT_PROTOTYPES = YES;
				CLANG_WARN_SUSPICIOUS_MOVE = YES;
				CLANG_WARN_UNGUARDED_AVAILABILITY = YES_AGGRESSIVE;
				CLANG_WARN_UNREACHABLE_CODE = YES;
				CLANG_WARN__DUPLICATE_METHOD_MATCH = YES;
				COPY_PHASE_STRIP = NO;
				DEBUG_INFORMATION_FORMAT = dwarf;
				ENABLE_STRICT_OBJC_MSGSEND = YES;
				ENABLE_TESTABILITY = YES;
				GCC_C_LANGUAGE_STANDARD = gnu11;
				GCC_DYNAMIC_NO_PIC = NO;
				GCC_NO_COMMON_BLOCKS = YES;
				GCC_OPTIMIZATION_LEVEL = 0;
				GCC_PREPROCESSOR_DEFINITIONS = (
					"DEBUG=1",
					"$(inherited)",
				);
				GCC_WARN_64_TO_32_BIT_CONVERSION = YES;
				GCC_WARN_ABOUT_RETURN_TYPE = YES_ERROR;
				GCC_WARN_UNDECLARED_SELECTOR = YES;
				GCC_WARN_UNINITIALIZED_AUTOS = YES_AGGRESSIVE;
				GCC_WARN_UNUSED_FUNCTION = YES;
				GCC_WARN_UNUSED_VARIABLE = YES;
				IPHONEOS_DEPLOYMENT_TARGET = 15.2;
				MTL_ENABLE_DEBUG_INFO = INCLUDE_SOURCE;
				MTL_FAST_MATH = YES;
				ONLY_ACTIVE_ARCH = YES;
				SDKROOT = iphoneos;
				SWIFT_ACTIVE_COMPILATION_CONDITIONS = DEBUG;
				SWIFT_OPTIMIZATION_LEVEL = "-Onone";
			};
			name = Debug;
		};
		7AFB7188277BFB7A0089E731 /* Release */ = {
			isa = XCBuildConfiguration;
			buildSettings = {
				ALWAYS_SEARCH_USER_PATHS = NO;
				CLANG_ANALYZER_NONNULL = YES;
				CLANG_ANALYZER_NUMBER_OBJECT_CONVERSION = YES_AGGRESSIVE;
				CLANG_CXX_LANGUAGE_STANDARD = "gnu++17";
				CLANG_CXX_LIBRARY = "libc++";
				CLANG_ENABLE_MODULES = YES;
				CLANG_ENABLE_OBJC_ARC = YES;
				CLANG_ENABLE_OBJC_WEAK = YES;
				CLANG_WARN_BLOCK_CAPTURE_AUTORELEASING = YES;
				CLANG_WARN_BOOL_CONVERSION = YES;
				CLANG_WARN_COMMA = YES;
				CLANG_WARN_CONSTANT_CONVERSION = YES;
				CLANG_WARN_DEPRECATED_OBJC_IMPLEMENTATIONS = YES;
				CLANG_WARN_DIRECT_OBJC_ISA_USAGE = YES_ERROR;
				CLANG_WARN_DOCUMENTATION_COMMENTS = YES;
				CLANG_WARN_EMPTY_BODY = YES;
				CLANG_WARN_ENUM_CONVERSION = YES;
				CLANG_WARN_INFINITE_RECURSION = YES;
				CLANG_WARN_INT_CONVERSION = YES;
				CLANG_WARN_NON_LITERAL_NULL_CONVERSION = YES;
				CLANG_WARN_OBJC_IMPLICIT_RETAIN_SELF = YES;
				CLANG_WARN_OBJC_LITERAL_CONVERSION = YES;
				CLANG_WARN_OBJC_ROOT_CLASS = YES_ERROR;
				CLANG_WARN_QUOTED_INCLUDE_IN_FRAMEWORK_HEADER = YES;
				CLANG_WARN_RANGE_LOOP_ANALYSIS = YES;
				CLANG_WARN_STRICT_PROTOTYPES = YES;
				CLANG_WARN_SUSPICIOUS_MOVE = YES;
				CLANG_WARN_UNGUARDED_AVAILABILITY = YES_AGGRESSIVE;
				CLANG_WARN_UNREACHABLE_CODE = YES;
				CLANG_WARN__DUPLICATE_METHOD_MATCH = YES;
				COPY_PHASE_STRIP = NO;
				DEBUG_INFORMATION_FORMAT = "dwarf-with-dsym";
				ENABLE_NS_ASSERTIONS = NO;
				ENABLE_STRICT_OBJC_MSGSEND = YES;
				GCC_C_LANGUAGE_STANDARD = gnu11;
				GCC_NO_COMMON_BLOCKS = YES;
				GCC_WARN_64_TO_32_BIT_CONVERSION = YES;
				GCC_WARN_ABOUT_RETURN_TYPE = YES_ERROR;
				GCC_WARN_UNDECLARED_SELECTOR = YES;
				GCC_WARN_UNINITIALIZED_AUTOS = YES_AGGRESSIVE;
				GCC_WARN_UNUSED_FUNCTION = YES;
				GCC_WARN_UNUSED_VARIABLE = YES;
				IPHONEOS_DEPLOYMENT_TARGET = 15.2;
				MTL_ENABLE_DEBUG_INFO = NO;
				MTL_FAST_MATH = YES;
				SDKROOT = iphoneos;
				SWIFT_COMPILATION_MODE = wholemodule;
				SWIFT_OPTIMIZATION_LEVEL = "-O";
				VALIDATE_PRODUCT = YES;
			};
			name = Release;
		};
		7AFB718A277BFB7A0089E731 /* Debug */ = {
			isa = XCBuildConfiguration;
			buildSettings = {
				ASSETCATALOG_COMPILER_APPICON_NAME = AppIcon;
				ASSETCATALOG_COMPILER_GLOBAL_ACCENT_COLOR_NAME = AccentColor;
				CODE_SIGN_STYLE = Automatic;
				CURRENT_PROJECT_VERSION = 1;
				DEVELOPMENT_TEAM = Z2B9Y69S7C;
				GENERATE_INFOPLIST_FILE = YES;
				INFOPLIST_FILE = MusicPlayerExercise/Info.plist;
				INFOPLIST_KEY_UIApplicationSupportsIndirectInputEvents = YES;
				INFOPLIST_KEY_UILaunchStoryboardName = LaunchScreen;
				INFOPLIST_KEY_UIMainStoryboardFile = Main;
				INFOPLIST_KEY_UISupportedInterfaceOrientations = UIInterfaceOrientationPortrait;
				INFOPLIST_KEY_UISupportedInterfaceOrientations_iPad = "UIInterfaceOrientationPortrait UIInterfaceOrientationPortraitUpsideDown UIInterfaceOrientationLandscapeLeft UIInterfaceOrientationLandscapeRight";
				INFOPLIST_KEY_UISupportedInterfaceOrientations_iPhone = "UIInterfaceOrientationPortrait UIInterfaceOrientationLandscapeLeft UIInterfaceOrientationLandscapeRight";
				LD_RUNPATH_SEARCH_PATHS = (
					"$(inherited)",
					"@executable_path/Frameworks",
				);
				MARKETING_VERSION = 1.0;
				PRODUCT_BUNDLE_IDENTIFIER = com.wenlo.MusicPlayerExercise;
				PRODUCT_NAME = "$(TARGET_NAME)";
				SWIFT_EMIT_LOC_STRINGS = YES;
				SWIFT_VERSION = 5.0;
				TARGETED_DEVICE_FAMILY = 1;
			};
			name = Debug;
		};
		7AFB718B277BFB7A0089E731 /* Release */ = {
			isa = XCBuildConfiguration;
			buildSettings = {
				ASSETCATALOG_COMPILER_APPICON_NAME = AppIcon;
				ASSETCATALOG_COMPILER_GLOBAL_ACCENT_COLOR_NAME = AccentColor;
				CODE_SIGN_STYLE = Automatic;
				CURRENT_PROJECT_VERSION = 1;
				DEVELOPMENT_TEAM = Z2B9Y69S7C;
				GENERATE_INFOPLIST_FILE = YES;
				INFOPLIST_FILE = MusicPlayerExercise/Info.plist;
				INFOPLIST_KEY_UIApplicationSupportsIndirectInputEvents = YES;
				INFOPLIST_KEY_UILaunchStoryboardName = LaunchScreen;
				INFOPLIST_KEY_UIMainStoryboardFile = Main;
				INFOPLIST_KEY_UISupportedInterfaceOrientations = UIInterfaceOrientationPortrait;
				INFOPLIST_KEY_UISupportedInterfaceOrientations_iPad = "UIInterfaceOrientationPortrait UIInterfaceOrientationPortraitUpsideDown UIInterfaceOrientationLandscapeLeft UIInterfaceOrientationLandscapeRight";
				INFOPLIST_KEY_UISupportedInterfaceOrientations_iPhone = "UIInterfaceOrientationPortrait UIInterfaceOrientationLandscapeLeft UIInterfaceOrientationLandscapeRight";
				LD_RUNPATH_SEARCH_PATHS = (
					"$(inherited)",
					"@executable_path/Frameworks",
				);
				MARKETING_VERSION = 1.0;
				PRODUCT_BUNDLE_IDENTIFIER = com.wenlo.MusicPlayerExercise;
				PRODUCT_NAME = "$(TARGET_NAME)";
				SWIFT_EMIT_LOC_STRINGS = YES;
				SWIFT_VERSION = 5.0;
				TARGETED_DEVICE_FAMILY = 1;
			};
			name = Release;
		};
/* End XCBuildConfiguration section */

/* Begin XCConfigurationList section */
		7AFB7170277BFB790089E731 /* Build configuration list for PBXProject "MusicPlayerExercise" */ = {
			isa = XCConfigurationList;
			buildConfigurations = (
				7AFB7187277BFB7A0089E731 /* Debug */,
				7AFB7188277BFB7A0089E731 /* Release */,
			);
			defaultConfigurationIsVisible = 0;
			defaultConfigurationName = Release;
		};
		7AFB7189277BFB7A0089E731 /* Build configuration list for PBXNativeTarget "MusicPlayerExercise" */ = {
			isa = XCConfigurationList;
			buildConfigurations = (
				7AFB718A277BFB7A0089E731 /* Debug */,
				7AFB718B277BFB7A0089E731 /* Release */,
			);
			defaultConfigurationIsVisible = 0;
			defaultConfigurationName = Release;
		};
/* End XCConfigurationList section */
	};
	rootObject = 7AFB716D277BFB790089E731 /* Project object */;
}
